
Microsoft Visual Studio Solution File, Format Version 12.00
# Visual Studio 2013
VisualStudioVersion = 12.0.30723.0
MinimumVisualStudioVersion = 10.0.40219.1
Project("{FAE04EC0-301F-11D3-BF4B-00C04F79EFBC}") = "MLV", "MLV\MLV.csproj", "{CB876583-D5F9-4398-B399-FBE6D4AA8A51}"
EndProject
Project("{FAE04EC0-301F-11D3-BF4B-00C04F79EFBC}") = "FlacBox", "FlacBox\FlacBox.csproj", "{FD63DD61-E78E-430F-8E4A-2D9FBBDFA611}"
EndProject
Project("{FAE04EC0-301F-11D3-BF4B-00C04F79EFBC}") = "NAudioFlacBox", "NAudioFlacBox\NAudioFlacBox.csproj", "{54864574-E93D-4926-8E3C-21D5EA690D88}"
EndProject
Project("{FAE04EC0-301F-11D3-BF4B-00C04F79EFBC}") = "SkyJukebox", "SkyJukebox\SkyJukebox.csproj", "{AEBD4223-626B-4EAC-B875-7F7403EDC5FF}"
EndProject
Project("{FAE04EC0-301F-11D3-BF4B-00C04F79EFBC}") = "MinecraftIntegration", "MinecraftIntegration\MinecraftIntegration.csproj", "{0222395B-7368-4A7F-9E65-47456CE4A038}"
EndProject
Project("{FAE04EC0-301F-11D3-BF4B-00C04F79EFBC}") = "SkyJukebox.CoreApi", "SkyJukebox.CoreApi\SkyJukebox.CoreApi.csproj", "{AD8AEFAC-4F6A-47DB-8522-B0529286EB6E}"
EndProject
Project("{FAE04EC0-301F-11D3-BF4B-00C04F79EFBC}") = "SkyJukebox.NAudioFramework", "SkyJukebox.NAudioFramework\SkyJukebox.NAudioFramework.csproj", "{8D9F854D-552A-4263-9DF6-25BFAB914F8E}"
EndProject
Global
	GlobalSection(SolutionConfigurationPlatforms) = preSolution
		Debug|x64 = Debug|x64
		Debug|x86 = Debug|x86
		Release|x64 = Release|x64
		Release|x86 = Release|x86
	EndGlobalSection
	GlobalSection(ProjectConfigurationPlatforms) = postSolution
		{CB876583-D5F9-4398-B399-FBE6D4AA8A51}.Debug|x64.ActiveCfg = Debug|x64
		{CB876583-D5F9-4398-B399-FBE6D4AA8A51}.Debug|x64.Build.0 = Debug|x64
		{CB876583-D5F9-4398-B399-FBE6D4AA8A51}.Debug|x86.ActiveCfg = Debug|x86
		{CB876583-D5F9-4398-B399-FBE6D4AA8A51}.Debug|x86.Build.0 = Debug|x86
		{CB876583-D5F9-4398-B399-FBE6D4AA8A51}.Release|x64.ActiveCfg = Release|x64
		{CB876583-D5F9-4398-B399-FBE6D4AA8A51}.Release|x64.Build.0 = Release|x64
		{CB876583-D5F9-4398-B399-FBE6D4AA8A51}.Release|x86.ActiveCfg = Release|x86
		{CB876583-D5F9-4398-B399-FBE6D4AA8A51}.Release|x86.Build.0 = Release|x86
		{FD63DD61-E78E-430F-8E4A-2D9FBBDFA611}.Debug|x64.ActiveCfg = Debug|x64
		{FD63DD61-E78E-430F-8E4A-2D9FBBDFA611}.Debug|x64.Build.0 = Debug|x64
		{FD63DD61-E78E-430F-8E4A-2D9FBBDFA611}.Debug|x86.ActiveCfg = Debug|x86
		{FD63DD61-E78E-430F-8E4A-2D9FBBDFA611}.Debug|x86.Build.0 = Debug|x86
		{FD63DD61-E78E-430F-8E4A-2D9FBBDFA611}.Release|x64.ActiveCfg = Release|x64
		{FD63DD61-E78E-430F-8E4A-2D9FBBDFA611}.Release|x64.Build.0 = Release|x64
		{FD63DD61-E78E-430F-8E4A-2D9FBBDFA611}.Release|x86.ActiveCfg = Release|x86
		{FD63DD61-E78E-430F-8E4A-2D9FBBDFA611}.Release|x86.Build.0 = Release|x86
		{54864574-E93D-4926-8E3C-21D5EA690D88}.Debug|x64.ActiveCfg = Debug|x64
		{54864574-E93D-4926-8E3C-21D5EA690D88}.Debug|x64.Build.0 = Debug|x64
		{54864574-E93D-4926-8E3C-21D5EA690D88}.Debug|x86.ActiveCfg = Debug|x86
		{54864574-E93D-4926-8E3C-21D5EA690D88}.Debug|x86.Build.0 = Debug|x86
		{54864574-E93D-4926-8E3C-21D5EA690D88}.Release|x64.ActiveCfg = Release|x64
		{54864574-E93D-4926-8E3C-21D5EA690D88}.Release|x64.Build.0 = Release|x64
		{54864574-E93D-4926-8E3C-21D5EA690D88}.Release|x86.ActiveCfg = Release|x86
		{54864574-E93D-4926-8E3C-21D5EA690D88}.Release|x86.Build.0 = Release|x86
		{AEBD4223-626B-4EAC-B875-7F7403EDC5FF}.Debug|x64.ActiveCfg = Debug|x64
		{AEBD4223-626B-4EAC-B875-7F7403EDC5FF}.Debug|x64.Build.0 = Debug|x64
		{AEBD4223-626B-4EAC-B875-7F7403EDC5FF}.Debug|x86.ActiveCfg = Debug|x86
		{AEBD4223-626B-4EAC-B875-7F7403EDC5FF}.Debug|x86.Build.0 = Debug|x86
		{AEBD4223-626B-4EAC-B875-7F7403EDC5FF}.Release|x64.ActiveCfg = Release|x64
		{AEBD4223-626B-4EAC-B875-7F7403EDC5FF}.Release|x64.Build.0 = Release|x64
		{AEBD4223-626B-4EAC-B875-7F7403EDC5FF}.Release|x86.ActiveCfg = Release|x86
		{AEBD4223-626B-4EAC-B875-7F7403EDC5FF}.Release|x86.Build.0 = Release|x86
		{0222395B-7368-4A7F-9E65-47456CE4A038}.Debug|x64.ActiveCfg = Debug|x64
		{0222395B-7368-4A7F-9E65-47456CE4A038}.Debug|x64.Build.0 = Debug|x64
		{0222395B-7368-4A7F-9E65-47456CE4A038}.Debug|x86.ActiveCfg = Debug|x86
		{0222395B-7368-4A7F-9E65-47456CE4A038}.Debug|x86.Build.0 = Debug|x86
		{0222395B-7368-4A7F-9E65-47456CE4A038}.Release|x64.ActiveCfg = Release|x64
		{0222395B-7368-4A7F-9E65-47456CE4A038}.Release|x64.Build.0 = Release|x64
		{0222395B-7368-4A7F-9E65-47456CE4A038}.Release|x86.ActiveCfg = Release|x86
		{0222395B-7368-4A7F-9E65-47456CE4A038}.Release|x86.Build.0 = Release|x86
		{AD8AEFAC-4F6A-47DB-8522-B0529286EB6E}.Debug|x64.ActiveCfg = Debug|x64
		{AD8AEFAC-4F6A-47DB-8522-B0529286EB6E}.Debug|x64.Build.0 = Debug|x64
		{AD8AEFAC-4F6A-47DB-8522-B0529286EB6E}.Debug|x86.ActiveCfg = Debug|x86
		{AD8AEFAC-4F6A-47DB-8522-B0529286EB6E}.Debug|x86.Build.0 = Debug|x86
		{AD8AEFAC-4F6A-47DB-8522-B0529286EB6E}.Release|x64.ActiveCfg = Release|x64
		{AD8AEFAC-4F6A-47DB-8522-B0529286EB6E}.Release|x64.Build.0 = Release|x64
		{AD8AEFAC-4F6A-47DB-8522-B0529286EB6E}.Release|x86.ActiveCfg = Release|x86
		{AD8AEFAC-4F6A-47DB-8522-B0529286EB6E}.Release|x86.Build.0 = Release|x86
		{8D9F854D-552A-4263-9DF6-25BFAB914F8E}.Debug|x64.ActiveCfg = Debug|x64
		{8D9F854D-552A-4263-9DF6-25BFAB914F8E}.Debug|x64.Build.0 = Debug|x64
		{8D9F854D-552A-4263-9DF6-25BFAB914F8E}.Debug|x86.ActiveCfg = Debug|x86
		{8D9F854D-552A-4263-9DF6-25BFAB914F8E}.Debug|x86.Build.0 = Debug|x86
		{8D9F854D-552A-4263-9DF6-25BFAB914F8E}.Release|x64.ActiveCfg = Release|x64
		{8D9F854D-552A-4263-9DF6-25BFAB914F8E}.Release|x64.Build.0 = Release|x64
		{8D9F854D-552A-4263-9DF6-25BFAB914F8E}.Release|x86.ActiveCfg = Release|x86
		{8D9F854D-552A-4263-9DF6-25BFAB914F8E}.Release|x86.Build.0 = Release|x86
	EndGlobalSection
	GlobalSection(SolutionProperties) = preSolution
		HideSolutionNode = FALSE
	EndGlobalSection
EndGlobal
